// !$*UTF8*$!
{
	archiveVersion = 1;
	classes = {
	};
	objectVersion = 46;
	objects = {

/* Begin PBXBuildFile section */
		D8DFE3F41537040400942561 /* UIKit.framework in Frameworks */ = {isa = PBXBuildFile; fileRef = D8DFE3F31537040400942561 /* UIKit.framework */; };
		D8DFE3F61537040400942561 /* Foundation.framework in Frameworks */ = {isa = PBXBuildFile; fileRef = D8DFE3F51537040400942561 /* Foundation.framework */; };
		D8DFE3F81537040400942561 /* CoreGraphics.framework in Frameworks */ = {isa = PBXBuildFile; fileRef = D8DFE3F71537040400942561 /* CoreGraphics.framework */; };
		D8DFE3FE1537040400942561 /* InfoPlist.strings in Resources */ = {isa = PBXBuildFile; fileRef = D8DFE3FC1537040400942561 /* InfoPlist.strings */; };
		D8DFE4001537040400942561 /* main.m in Sources */ = {isa = PBXBuildFile; fileRef = D8DFE3FF1537040400942561 /* main.m */; };
		D8DFE4041537040400942561 /* LuckyLotteriesAppDelegate.m in Sources */ = {isa = PBXBuildFile; fileRef = D8DFE4031537040400942561 /* LuckyLotteriesAppDelegate.m */; };
		D8DFE4071537040400942561 /* MainStoryboard.storyboard in Resources */ = {isa = PBXBuildFile; fileRef = D8DFE4051537040400942561 /* MainStoryboard.storyboard */; };
		D8DFE40A1537040400942561 /* LuckyLotteriesViewController.m in Sources */ = {isa = PBXBuildFile; fileRef = D8DFE4091537040400942561 /* LuckyLotteriesViewController.m */; };
/* End PBXBuildFile section */

/* Begin PBXFileReference section */
		D8DFE3EF1537040300942561 /* LuckyLotteries.app */ = {isa = PBXFileReference; explicitFileType = wrapper.application; includeInIndex = 0; path = LuckyLotteries.app; sourceTree = BUILT_PRODUCTS_DIR; };
		D8DFE3F31537040400942561 /* UIKit.framework */ = {isa = PBXFileReference; lastKnownFileType = wrapper.framework; name = UIKit.framework; path = System/Library/Frameworks/UIKit.framework; sourceTree = SDKROOT; };
		D8DFE3F51537040400942561 /* Foundation.framework */ = {isa = PBXFileReference; lastKnownFileType = wrapper.framework; name = Foundation.framework; path = System/Library/Frameworks/Foundation.framework; sourceTree = SDKROOT; };
		D8DFE3F71537040400942561 /* CoreGraphics.framework */ = {isa = PBXFileReference; lastKnownFileType = wrapper.framework; name = CoreGraphics.framework; path = System/Library/Frameworks/CoreGraphics.framework; sourceTree = SDKROOT; };
		D8DFE3FB1537040400942561 /* LuckyLotteries-Info.plist */ = {isa = PBXFileReference; path = "LuckyLotteries-Info.plist"; sourceTree = "<group>"; };
		D8DFE3FD1537040400942561 /* en */ = {isa = PBXFileReference; lastKnownFileType = text.plist.strings; name = en; path = en.lproj/InfoPlist.strings; sourceTree = "<group>"; };
		D8DFE3FF1537040400942561 /* main.m */ = {isa = PBXFileReference; lastKnownFileType = sourcecode.c.objc; path = main.m; sourceTree = "<group>"; };
		D8DFE4011537040400942561 /* LuckyLotteries-Prefix.pch */ = {isa = PBXFileReference; path = "LuckyLotteries-Prefix.pch"; sourceTree = "<group>"; };
		D8DFE4021537040400942561 /* LuckyLotteriesAppDelegate.h */ = {isa = PBXFileReference; path = LuckyLotteriesAppDelegate.h; sourceTree = "<group>"; };
		D8DFE4031537040400942561 /* LuckyLotteriesAppDelegate.m */ = {isa = PBXFileReference; lastKnownFileType = sourcecode.c.objc; path = LuckyLotteriesAppDelegate.m; sourceTree = "<group>"; };
		D8DFE4061537040400942561 /* en */ = {isa = PBXFileReference; lastKnownFileType = file.storyboard; name = en; path = en.lproj/MainStoryboard.storyboard; sourceTree = "<group>"; };
		D8DFE4081537040400942561 /* LuckyLotteriesViewController.h */ = {isa = PBXFileReference; path = LuckyLotteriesViewController.h; sourceTree = "<group>"; };
		D8DFE4091537040400942561 /* LuckyLotteriesViewController.m */ = {isa = PBXFileReference; lastKnownFileType = sourcecode.c.objc; path = LuckyLotteriesViewController.m; sourceTree = "<group>"; };
/* End PBXFileReference section */

/* Begin PBXFrameworksBuildPhase section */
		D8DFE3EC1537040300942561 /* Frameworks */ = {
			isa = PBXFrameworksBuildPhase;
			buildActionMask = 2147483647;
			files = (
				D8DFE3F41537040400942561 /* UIKit.framework in Frameworks */,
				D8DFE3F61537040400942561 /* Foundation.framework in Frameworks */,
				D8DFE3F81537040400942561 /* CoreGraphics.framework in Frameworks */,
			);
			runOnlyForDeploymentPostprocessing = 0;
		};
/* End PBXFrameworksBuildPhase section */

/* Begin PBXGroup section */
		D8DFE3E41537040200942561 = {
			isa = PBXGroup;
			children = (
				D8DFE3F91537040400942561 /* LuckyLotteries */,
				D8DFE3F21537040300942561 /* Frameworks */,
				D8DFE3F01537040300942561 /* Products */,
			);
			sourceTree = "<group>";
		};
		D8DFE3F01537040300942561 /* Products */ = {
			isa = PBXGroup;
			children = (
				D8DFE3EF1537040300942561 /* LuckyLotteries.app */,
			);
			name = Products;
			sourceTree = "<group>";
		};
		D8DFE3F21537040300942561 /* Frameworks */ = {
			isa = PBXGroup;
			children = (
				D8DFE3F31537040400942561 /* UIKit.framework */,
				D8DFE3F51537040400942561 /* Foundation.framework */,
				D8DFE3F71537040400942561 /* CoreGraphics.framework */,
			);
			name = Frameworks;
			sourceTree = "<group>";
		};
		D8DFE3F91537040400942561 /* LuckyLotteries */ = {
			isa = PBXGroup;
			children = (
				D8DFE4021537040400942561 /* LuckyLotteriesAppDelegate.h */,
				D8DFE4031537040400942561 /* LuckyLotteriesAppDelegate.m */,
				D8DFE4051537040400942561 /* MainStoryboard.storyboard */,
				D8DFE4081537040400942561 /* LuckyLotteriesViewController.h */,
				D8DFE4091537040400942561 /* LuckyLotteriesViewController.m */,
				D8DFE3FA1537040400942561 /* Supporting Files */,
			);
			path = LuckyLotteries;
			sourceTree = "<group>";
		};
		D8DFE3FA1537040400942561 /* Supporting Files */ = {
			isa = PBXGroup;
			children = (
				D8DFE3FB1537040400942561 /* LuckyLotteries-Info.plist */,
				D8DFE3FC1537040400942561 /* InfoPlist.strings */,
				D8DFE3FF1537040400942561 /* main.m */,
				D8DFE4011537040400942561 /* LuckyLotteries-Prefix.pch */,
			);
			name = "Supporting Files";
			sourceTree = "<group>";
		};
/* End PBXGroup section */

/* Begin PBXNativeTarget section */
		D8DFE3EE1537040300942561 /* LuckyLotteries */ = {
			isa = PBXNativeTarget;
			buildConfigurationList = D8DFE40D1537040400942561 /* Build configuration list for PBXNativeTarget "LuckyLotteries" */;
			buildPhases = (
				D8DFE3EB1537040300942561 /* Sources */,
				D8DFE3EC1537040300942561 /* Frameworks */,
				D8DFE3ED1537040300942561 /* Resources */,
			);
			buildRules = (
			);
			dependencies = (
			);
			name = LuckyLotteries;
			productName = LuckyLotteries;
			productReference = D8DFE3EF1537040300942561 /* LuckyLotteries.app */;
			productType = "com.apple.product-type.application";
		};
/* End PBXNativeTarget section */

/* Begin PBXProject section */
		D8DFE3E61537040200942561 /* Project object */ = {
			isa = PBXProject;
			attributes = {
				CLASSPREFIX = LuckyLotteries;
				LastUpgradeCheck = 0430;
			};
			buildConfigurationList = D8DFE3E91537040200942561 /* Build configuration list for PBXProject "LuckyLotteries" */;
			compatibilityVersion = "Xcode 3.2";
			developmentRegion = English;
			hasScannedForEncodings = 0;
			knownRegions = (
				en,
			);
			mainGroup = D8DFE3E41537040200942561;
			productRefGroup = D8DFE3F01537040300942561 /* Products */;
			projectDirPath = "";
			projectRoot = "";
			targets = (
				D8DFE3EE1537040300942561 /* LuckyLotteries */,
			);
		};
/* End PBXProject section */

/* Begin PBXResourcesBuildPhase section */
		D8DFE3ED1537040300942561 /* Resources */ = {
			isa = PBXResourcesBuildPhase;
			buildActionMask = 2147483647;
			files = (
				D8DFE3FE1537040400942561 /* InfoPlist.strings in Resources */,
				D8DFE4071537040400942561 /* MainStoryboard.storyboard in Resources */,
			);
			runOnlyForDeploymentPostprocessing = 0;
		};
/* End PBXResourcesBuildPhase section */

/* Begin PBXSourcesBuildPhase section */
		D8DFE3EB1537040300942561 /* Sources */ = {
			isa = PBXSourcesBuildPhase;
			buildActionMask = 2147483647;
			files = (
				D8DFE4001537040400942561 /* main.m in Sources */,
				D8DFE4041537040400942561 /* LuckyLotteriesAppDelegate.m in Sources */,
				D8DFE40A1537040400942561 /* LuckyLotteriesViewController.m in Sources */,
			);
			runOnlyForDeploymentPostprocessing = 0;
		};
/* End PBXSourcesBuildPhase section */

/* Begin PBXVariantGroup section */
		D8DFE3FC1537040400942561 /* InfoPlist.strings */ = {
			isa = PBXVariantGroup;
			children = (
				D8DFE3FD1537040400942561 /* en */,
			);
			name = InfoPlist.strings;
			sourceTree = "<group>";
		};
		D8DFE4051537040400942561 /* MainStoryboard.storyboard */ = {
			isa = PBXVariantGroup;
			children = (
				D8DFE4061537040400942561 /* en */,
			);
			name = MainStoryboard.storyboard;
			sourceTree = "<group>";
		};
/* End PBXVariantGroup section */

/* Begin XCBuildConfiguration section */
		D8DFE40B1537040400942561 /* Debug */ = {
			isa = XCBuildConfiguration;
			buildSettings = {
				ALWAYS_SEARCH_USER_PATHS = NO;
				ARCHS = "$(ARCHS_STANDARD_32_BIT)";
				CLANG_ENABLE_OBJC_ARC = YES;
				"CODE_SIGN_IDENTITY[sdk=iphoneos*]" = "iPhone Developer";
				COPY_PHASE_STRIP = NO;
				GCC_C_LANGUAGE_STANDARD = gnu99;
				GCC_DYNAMIC_NO_PIC = NO;
				GCC_OPTIMIZATION_LEVEL = 0;
				GCC_PREPROCESSOR_DEFINITIONS = (
					"DEBUG=1",
					"$(inherited)",
				);
				GCC_SYMBOLS_PRIVATE_EXTERN = NO;
				GCC_VERSION = com.apple.compilers.llvm.clang.1_0;
				GCC_WARN_ABOUT_RETURN_TYPE = YES;
				GCC_WARN_UNINITIALIZED_AUTOS = YES;
				GCC_WARN_UNUSED_VARIABLE = YES;
				IPHONEOS_DEPLOYMENT_TARGET = 5.1;
				SDKROOT = iphoneos;
			};
			name = Debug;
		};
		D8DFE40C1537040400942561 /* Release */ = {
			isa = XCBuildConfiguration;
			buildSettings = {
				ALWAYS_SEARCH_USER_PATHS = NO;
				ARCHS = "$(ARCHS_STANDARD_32_BIT)";
				CLANG_ENABLE_OBJC_ARC = YES;
				"CODE_SIGN_IDENTITY[sdk=iphoneos*]" = "iPhone Developer";
				COPY_PHASE_STRIP = YES;
				GCC_C_LANGUAGE_STANDARD = gnu99;
				GCC_VERSION = com.apple.compilers.llvm.clang.1_0;
				GCC_WARN_ABOUT_RETURN_TYPE = YES;
				GCC_WARN_UNINITIALIZED_AUTOS = YES;
				GCC_WARN_UNUSED_VARIABLE = YES;
				IPHONEOS_DEPLOYMENT_TARGET = 5.1;
				OTHER_CFLAGS = "-DNS_BLOCK_ASSERTIONS=1";
				SDKROOT = iphoneos;
				VALIDATE_PRODUCT = YES;
			};
			name = Release;
		};
		D8DFE40E1537040400942561 /* Debug */ = {
			isa = XCBuildConfiguration;
			buildSettings = {
				GCC_PRECOMPILE_PREFIX_HEADER = YES;
				GCC_PREFIX_HEADER = "LuckyLotteries/LuckyLotteries-Prefix.pch";
				INFOPLIST_FILE = "LuckyLotteries/LuckyLotteries-Info.plist";
				PRODUCT_NAME = "$(TARGET_NAME)";
				WRAPPER_EXTENSION = app;
			};
			name = Debug;
		};
		D8DFE40F1537040400942561 /* Release */ = {
			isa = XCBuildConfiguration;
			buildSettings = {
				GCC_PRECOMPILE_PREFIX_HEADER = YES;
				GCC_PREFIX_HEADER = "LuckyLotteries/LuckyLotteries-Prefix.pch";
				INFOPLIST_FILE = "LuckyLotteries/LuckyLotteries-Info.plist";
				PRODUCT_NAME = "$(TARGET_NAME)";
				WRAPPER_EXTENSION = app;
			};
			name = Release;
		};
/* End XCBuildConfiguration section */

/* Begin XCConfigurationList section */
		D8DFE3E91537040200942561 /* Build configuration list for PBXProject "LuckyLotteries" */ = {
			isa = XCConfigurationList;
			buildConfigurations = (
				D8DFE40B1537040400942561 /* Debug */,
				D8DFE40C1537040400942561 /* Release */,
			);
			defaultConfigurationIsVisible = 0;
			defaultConfigurationName = Release;
		};
		D8DFE40D1537040400942561 /* Build configuration list for PBXNativeTarget "LuckyLotteries" */ = {
			isa = XCConfigurationList;
			buildConfigurations = (
				D8DFE40E1537040400942561 /* Debug */,
				D8DFE40F1537040400942561 /* Release */,
			);
			defaultConfigurationIsVisible = 0;
		};
/* End XCConfigurationList section */
	};
	rootObject = D8DFE3E61537040200942561 /* Project object */;
}
